
Microsoft Visual Studio Solution File, Format Version 12.00
# Visual Studio Version 17
VisualStudioVersion = 17.13.35919.96 d17.13
MinimumVisualStudioVersion = 10.0.40219.1
Project("{8BC9CEB8-8B4A-11D0-8D11-00A0C91BC942}") = "Stack Processor", "Stack Processor.vcxproj", "{D3672B89-63A5-41FF-B01B-93249BA0E563}"
EndProject
Global
	GlobalSection(SolutionConfigurationPlatforms) = preSolution
		Debug|x64 = Debug|x64
		Debug|x86 = Debug|x86
		Release|x64 = Release|x64
		Release|x86 = Release|x86
	EndGlobalSection
	GlobalSection(ProjectConfigurationPlatforms) = postSolution
		{D3672B89-63A5-41FF-B01B-93249BA0E563}.Debug|x64.ActiveCfg = Debug|x64
		{D3672B89-63A5-41FF-B01B-93249BA0E563}.Debug|x64.Build.0 = Debug|x64
		{D3672B89-63A5-41FF-B01B-93249BA0E563}.Debug|x86.ActiveCfg = Debug|Win32
		{D3672B89-63A5-41FF-B01B-93249BA0E563}.Debug|x86.Build.0 = Debug|Win32
		{D3672B89-63A5-41FF-B01B-93249BA0E563}.Release|x64.ActiveCfg = Release|x64
		{D3672B89-63A5-41FF-B01B-93249BA0E563}.Release|x64.Build.0 = Release|x64
		{D3672B89-63A5-41FF-B01B-93249BA0E563}.Release|x86.ActiveCfg = Release|Win32
		{D3672B89-63A5-41FF-B01B-93249BA0E563}.Release|x86.Build.0 = Release|Win32
	EndGlobalSection
	GlobalSection(SolutionProperties) = preSolution
		HideSolutionNode = FALSE
	EndGlobalSection
	GlobalSection(ExtensibilityGlobals) = postSolution
		SolutionGuid = {0BEA28F1-E5B1-4371-83E7-6A830604BB50}
	EndGlobalSection
EndGlobal
